
Microsoft Visual Studio Solution File, Format Version 12.00
# Visual Studio Version 17
VisualStudioVersion = 17.2.32616.157
MinimumVisualStudioVersion = 10.0.40219.1
Project("{9A19103F-16F7-4668-BE54-9A1E7A4F7556}") = "TrackerLibrary", "TrackerLibrary\TrackerLibrary.csproj", "{0CF52615-F35E-4CB6-865A-B5DDAED1675F}"
EndProject
Project("{9A19103F-16F7-4668-BE54-9A1E7A4F7556}") = "TrackerUI", "TrackerUI\TrackerUI.csproj", "{670FE318-1542-43BA-860F-BC390C6E5947}"
EndProject
Project("{2150E333-8FDC-42A3-9474-1A3956D46DE8}") = "Solution Items", "Solution Items", "{24EDC65B-3E4C-4680-8F79-97600704D89D}"
	ProjectSection(SolutionItems) = preProject
		.editorconfig = .editorconfig
	EndProjectSection
EndProject
Global
	GlobalSection(SolutionConfigurationPlatforms) = preSolution
		Debug|Any CPU = Debug|Any CPU
		Release|Any CPU = Release|Any CPU
	EndGlobalSection
	GlobalSection(ProjectConfigurationPlatforms) = postSolution
		{0CF52615-F35E-4CB6-865A-B5DDAED1675F}.Debug|Any CPU.ActiveCfg = Debug|Any CPU
		{0CF52615-F35E-4CB6-865A-B5DDAED1675F}.Debug|Any CPU.Build.0 = Debug|Any CPU
		{0CF52615-F35E-4CB6-865A-B5DDAED1675F}.Release|Any CPU.ActiveCfg = Release|Any CPU
		{0CF52615-F35E-4CB6-865A-B5DDAED1675F}.Release|Any CPU.Build.0 = Release|Any CPU
		{670FE318-1542-43BA-860F-BC390C6E5947}.Debug|Any CPU.ActiveCfg = Debug|Any CPU
		{670FE318-1542-43BA-860F-BC390C6E5947}.Debug|Any CPU.Build.0 = Debug|Any CPU
		{670FE318-1542-43BA-860F-BC390C6E5947}.Release|Any CPU.ActiveCfg = Release|Any CPU
		{670FE318-1542-43BA-860F-BC390C6E5947}.Release|Any CPU.Build.0 = Release|Any CPU
	EndGlobalSection
	GlobalSection(SolutionProperties) = preSolution
		HideSolutionNode = FALSE
	EndGlobalSection
	GlobalSection(ExtensibilityGlobals) = postSolution
		SolutionGuid = {44E0EF88-968E-4F80-A76B-56F68AE0B179}
	EndGlobalSection
EndGlobal
