
Microsoft Visual Studio Solution File, Format Version 12.00
# Visual Studio Version 17
VisualStudioVersion = 17.2.32616.157
MinimumVisualStudioVersion = 10.0.40219.1
Project("{FAE04EC0-301F-11D3-BF4B-00C04F79EFBC}") = "TrackerLibrary", "TrackerLibrary\TrackerLibrary.csproj", "{0CF52615-F35E-4CB6-865A-B5DDAED1675F}"
EndProject
Project("{FAE04EC0-301F-11D3-BF4B-00C04F79EFBC}") = "TrackerUI", "TrackerUI\TrackerUI.csproj", "{670FE318-1542-43BA-860F-BC390C6E5947}"
EndProject
Global
	GlobalSection(SolutionConfigurationPlatforms) = preSolution
		Debug|Any CPU = Debug|Any CPU
		Release|Any CPU = Release|Any CPU
	EndGlobalSection
	GlobalSection(ProjectConfigurationPlatforms) = postSolution
		{0CF52615-F35E-4CB6-865A-B5DDAED1675F}.Debug|Any CPU.ActiveCfg = Debug|Any CPU
		{0CF52615-F35E-4CB6-865A-B5DDAED1675F}.Debug|Any CPU.Build.0 = Debug|Any CPU
		{0CF52615-F35E-4CB6-865A-B5DDAED1675F}.Release|Any CPU.ActiveCfg = Release|Any CPU
		{0CF52615-F35E-4CB6-865A-B5DDAED1675F}.Release|Any CPU.Build.0 = Release|Any CPU
		{670FE318-1542-43BA-860F-BC390C6E5947}.Debug|Any CPU.ActiveCfg = Debug|Any CPU
		{670FE318-1542-43BA-860F-BC390C6E5947}.Debug|Any CPU.Build.0 = Debug|Any CPU
		{670FE318-1542-43BA-860F-BC390C6E5947}.Release|Any CPU.ActiveCfg = Release|Any CPU
		{670FE318-1542-43BA-860F-BC390C6E5947}.Release|Any CPU.Build.0 = Release|Any CPU
	EndGlobalSection
	GlobalSection(SolutionProperties) = preSolution
		HideSolutionNode = FALSE
	EndGlobalSection
	GlobalSection(ExtensibilityGlobals) = postSolution
		SolutionGuid = {44E0EF88-968E-4F80-A76B-56F68AE0B179}
	EndGlobalSection
EndGlobal
